
Microsoft Visual Studio Solution File, Format Version 12.00
# Visual Studio 15
VisualStudioVersion = 15.0.28307.757
MinimumVisualStudioVersion = 10.0.40219.1
Project("{FAE04EC0-301F-11D3-BF4B-00C04F79EFBC}") = "WebAPI101Sample", "WebAPI101Sample\WebAPI101Sample.csproj", "{05F9DDA8-B424-45E8-8A07-89BAFE7135D5}"
EndProject
Project("{FAE04EC0-301F-11D3-BF4B-00C04F79EFBC}") = "DataAccess", "DataAccess\DataAccess.csproj", "{E6425C02-0B5A-4F67-BAE8-1F0E8F00BC2F}"
EndProject
Global
	GlobalSection(SolutionConfigurationPlatforms) = preSolution
		Debug|Any CPU = Debug|Any CPU
		Release|Any CPU = Release|Any CPU
	EndGlobalSection
	GlobalSection(ProjectConfigurationPlatforms) = postSolution
		{05F9DDA8-B424-45E8-8A07-89BAFE7135D5}.Debug|Any CPU.ActiveCfg = Debug|Any CPU
		{05F9DDA8-B424-45E8-8A07-89BAFE7135D5}.Debug|Any CPU.Build.0 = Debug|Any CPU
		{05F9DDA8-B424-45E8-8A07-89BAFE7135D5}.Release|Any CPU.ActiveCfg = Release|Any CPU
		{05F9DDA8-B424-45E8-8A07-89BAFE7135D5}.Release|Any CPU.Build.0 = Release|Any CPU
		{E6425C02-0B5A-4F67-BAE8-1F0E8F00BC2F}.Debug|Any CPU.ActiveCfg = Debug|Any CPU
		{E6425C02-0B5A-4F67-BAE8-1F0E8F00BC2F}.Debug|Any CPU.Build.0 = Debug|Any CPU
		{E6425C02-0B5A-4F67-BAE8-1F0E8F00BC2F}.Release|Any CPU.ActiveCfg = Release|Any CPU
		{E6425C02-0B5A-4F67-BAE8-1F0E8F00BC2F}.Release|Any CPU.Build.0 = Release|Any CPU
	EndGlobalSection
	GlobalSection(SolutionProperties) = preSolution
		HideSolutionNode = FALSE
	EndGlobalSection
	GlobalSection(ExtensibilityGlobals) = postSolution
		SolutionGuid = {5CEA5A6A-2DD2-4234-9006-6F7206E39EB3}
	EndGlobalSection
EndGlobal
